// !$*UTF8*$!
{
	archiveVersion = 1;
	classes = {
	};
	objectVersion = 50;
	objects = {

/* Begin PBXBuildFile section */
		5E63F20F243AB942008B7D02 /* TimerNavigationController.swift in Sources */ = {isa = PBXBuildFile; fileRef = 5E63F20E243AB942008B7D02 /* TimerNavigationController.swift */; };
		5E63F212243AB95E008B7D02 /* TimerViewController.swift in Sources */ = {isa = PBXBuildFile; fileRef = 5E63F210243AB95E008B7D02 /* TimerViewController.swift */; };
		5E63F213243AB95E008B7D02 /* TimerViewController.xib in Resources */ = {isa = PBXBuildFile; fileRef = 5E63F211243AB95E008B7D02 /* TimerViewController.xib */; };
		5E63F215243AB9B1008B7D02 /* TimerCoordinator.swift in Sources */ = {isa = PBXBuildFile; fileRef = 5E63F214243AB9B1008B7D02 /* TimerCoordinator.swift */; };
		5E63F219243ABBAB008B7D02 /* TimerView.swift in Sources */ = {isa = PBXBuildFile; fileRef = 5E63F218243ABBAB008B7D02 /* TimerView.swift */; };
		5E63F21C243AC1E8008B7D02 /* ThemeColor.swift in Sources */ = {isa = PBXBuildFile; fileRef = 5E63F21B243AC1E8008B7D02 /* ThemeColor.swift */; };
		5E63F228243AD2B4008B7D02 /* PomodoroTests.swift in Sources */ = {isa = PBXBuildFile; fileRef = 5E63F227243AD2B4008B7D02 /* PomodoroTests.swift */; };
		5E63F23D243ADE74008B7D02 /* TimeIntervalExtension.swift in Sources */ = {isa = PBXBuildFile; fileRef = 5E63F23C243ADE74008B7D02 /* TimeIntervalExtension.swift */; };
		5E63F241243AEC16008B7D02 /* TimeStringMaker.swift in Sources */ = {isa = PBXBuildFile; fileRef = 5E63F240243AEC16008B7D02 /* TimeStringMaker.swift */; };
		5E63F245243AF526008B7D02 /* PomodoroTimer.swift in Sources */ = {isa = PBXBuildFile; fileRef = 5E63F244243AF526008B7D02 /* PomodoroTimer.swift */; };
		5E63F247243B0587008B7D02 /* PomodoroTimerTests.swift in Sources */ = {isa = PBXBuildFile; fileRef = 5E63F246243B0587008B7D02 /* PomodoroTimerTests.swift */; };
		5E63F24B243B1811008B7D02 /* TimerViewModel.swift in Sources */ = {isa = PBXBuildFile; fileRef = 5E63F24A243B1811008B7D02 /* TimerViewModel.swift */; };
		5E7507CB2435FB6B0067444D /* AppDelegate.swift in Sources */ = {isa = PBXBuildFile; fileRef = 5E7507CA2435FB6B0067444D /* AppDelegate.swift */; };
		5E7507CD2435FB6B0067444D /* SceneDelegate.swift in Sources */ = {isa = PBXBuildFile; fileRef = 5E7507CC2435FB6B0067444D /* SceneDelegate.swift */; };
		5E7507D42435FB6D0067444D /* Assets.xcassets in Resources */ = {isa = PBXBuildFile; fileRef = 5E7507D32435FB6D0067444D /* Assets.xcassets */; };
		5E7507D72435FB6D0067444D /* LaunchScreen.storyboard in Resources */ = {isa = PBXBuildFile; fileRef = 5E7507D52435FB6D0067444D /* LaunchScreen.storyboard */; };
		5E7507F02435FEAA0067444D /* MainTabBarController.swift in Sources */ = {isa = PBXBuildFile; fileRef = 5E7507EF2435FEAA0067444D /* MainTabBarController.swift */; };
		5E7507F52435FEFF0067444D /* Coordinator.swift in Sources */ = {isa = PBXBuildFile; fileRef = 5E7507F42435FEFF0067444D /* Coordinator.swift */; };
		5E7507FF243603510067444D /* HistoryViewController.swift in Sources */ = {isa = PBXBuildFile; fileRef = 5E7507FD243603510067444D /* HistoryViewController.swift */; };
		5E750800243603510067444D /* HistoryViewController.xib in Resources */ = {isa = PBXBuildFile; fileRef = 5E7507FE243603510067444D /* HistoryViewController.xib */; };
		5E750803243603A30067444D /* HistoryCoordinator.swift in Sources */ = {isa = PBXBuildFile; fileRef = 5E750802243603A30067444D /* HistoryCoordinator.swift */; };
		5E75080F24360B870067444D /* HistoryNavigationController.swift in Sources */ = {isa = PBXBuildFile; fileRef = 5E75080E24360B870067444D /* HistoryNavigationController.swift */; };
/* End PBXBuildFile section */

/* Begin PBXContainerItemProxy section */
		5E63F22A243AD2B4008B7D02 /* PBXContainerItemProxy */ = {
			isa = PBXContainerItemProxy;
			containerPortal = 5E7507BF2435FB6B0067444D /* Project object */;
			proxyType = 1;
			remoteGlobalIDString = 5E7507C62435FB6B0067444D;
			remoteInfo = Pomodoro;
		};
/* End PBXContainerItemProxy section */

/* Begin PBXFileReference section */
		5E63F20E243AB942008B7D02 /* TimerNavigationController.swift */ = {isa = PBXFileReference; lastKnownFileType = sourcecode.swift; path = TimerNavigationController.swift; sourceTree = "<group>"; };
		5E63F210243AB95E008B7D02 /* TimerViewController.swift */ = {isa = PBXFileReference; lastKnownFileType = sourcecode.swift; path = TimerViewController.swift; sourceTree = "<group>"; };
		5E63F211243AB95E008B7D02 /* TimerViewController.xib */ = {isa = PBXFileReference; lastKnownFileType = file.xib; path = TimerViewController.xib; sourceTree = "<group>"; };
		5E63F214243AB9B1008B7D02 /* TimerCoordinator.swift */ = {isa = PBXFileReference; lastKnownFileType = sourcecode.swift; path = TimerCoordinator.swift; sourceTree = "<group>"; };
		5E63F218243ABBAB008B7D02 /* TimerView.swift */ = {isa = PBXFileReference; lastKnownFileType = sourcecode.swift; path = TimerView.swift; sourceTree = "<group>"; };
		5E63F21B243AC1E8008B7D02 /* ThemeColor.swift */ = {isa = PBXFileReference; lastKnownFileType = sourcecode.swift; path = ThemeColor.swift; sourceTree = "<group>"; };
		5E63F225243AD2B4008B7D02 /* PomodoroTests.xctest */ = {isa = PBXFileReference; explicitFileType = wrapper.cfbundle; includeInIndex = 0; path = PomodoroTests.xctest; sourceTree = BUILT_PRODUCTS_DIR; };
		5E63F227243AD2B4008B7D02 /* PomodoroTests.swift */ = {isa = PBXFileReference; lastKnownFileType = sourcecode.swift; path = PomodoroTests.swift; sourceTree = "<group>"; };
		5E63F229243AD2B4008B7D02 /* Info.plist */ = {isa = PBXFileReference; lastKnownFileType = text.plist.xml; path = Info.plist; sourceTree = "<group>"; };
		5E63F23C243ADE74008B7D02 /* TimeIntervalExtension.swift */ = {isa = PBXFileReference; lastKnownFileType = sourcecode.swift; path = TimeIntervalExtension.swift; sourceTree = "<group>"; };
		5E63F240243AEC16008B7D02 /* TimeStringMaker.swift */ = {isa = PBXFileReference; lastKnownFileType = sourcecode.swift; path = TimeStringMaker.swift; sourceTree = "<group>"; };
		5E63F244243AF526008B7D02 /* PomodoroTimer.swift */ = {isa = PBXFileReference; lastKnownFileType = sourcecode.swift; path = PomodoroTimer.swift; sourceTree = "<group>"; };
		5E63F246243B0587008B7D02 /* PomodoroTimerTests.swift */ = {isa = PBXFileReference; lastKnownFileType = sourcecode.swift; path = PomodoroTimerTests.swift; sourceTree = "<group>"; };
		5E63F24A243B1811008B7D02 /* TimerViewModel.swift */ = {isa = PBXFileReference; lastKnownFileType = sourcecode.swift; path = TimerViewModel.swift; sourceTree = "<group>"; };
		5E7507C72435FB6B0067444D /* Pomodoro.app */ = {isa = PBXFileReference; explicitFileType = wrapper.application; includeInIndex = 0; path = Pomodoro.app; sourceTree = BUILT_PRODUCTS_DIR; };
		5E7507CA2435FB6B0067444D /* AppDelegate.swift */ = {isa = PBXFileReference; lastKnownFileType = sourcecode.swift; path = AppDelegate.swift; sourceTree = "<group>"; };
		5E7507CC2435FB6B0067444D /* SceneDelegate.swift */ = {isa = PBXFileReference; lastKnownFileType = sourcecode.swift; path = SceneDelegate.swift; sourceTree = "<group>"; };
		5E7507D32435FB6D0067444D /* Assets.xcassets */ = {isa = PBXFileReference; lastKnownFileType = folder.assetcatalog; path = Assets.xcassets; sourceTree = "<group>"; };
		5E7507D62435FB6D0067444D /* Base */ = {isa = PBXFileReference; lastKnownFileType = file.storyboard; name = Base; path = Base.lproj/LaunchScreen.storyboard; sourceTree = "<group>"; };
		5E7507D82435FB6D0067444D /* Info.plist */ = {isa = PBXFileReference; lastKnownFileType = text.plist.xml; path = Info.plist; sourceTree = "<group>"; };
		5E7507EF2435FEAA0067444D /* MainTabBarController.swift */ = {isa = PBXFileReference; lastKnownFileType = sourcecode.swift; path = MainTabBarController.swift; sourceTree = "<group>"; };
		5E7507F42435FEFF0067444D /* Coordinator.swift */ = {isa = PBXFileReference; lastKnownFileType = sourcecode.swift; path = Coordinator.swift; sourceTree = "<group>"; };
		5E7507FD243603510067444D /* HistoryViewController.swift */ = {isa = PBXFileReference; lastKnownFileType = sourcecode.swift; path = HistoryViewController.swift; sourceTree = "<group>"; };
		5E7507FE243603510067444D /* HistoryViewController.xib */ = {isa = PBXFileReference; lastKnownFileType = file.xib; path = HistoryViewController.xib; sourceTree = "<group>"; };
		5E750802243603A30067444D /* HistoryCoordinator.swift */ = {isa = PBXFileReference; lastKnownFileType = sourcecode.swift; path = HistoryCoordinator.swift; sourceTree = "<group>"; };
		5E75080E24360B870067444D /* HistoryNavigationController.swift */ = {isa = PBXFileReference; lastKnownFileType = sourcecode.swift; path = HistoryNavigationController.swift; sourceTree = "<group>"; };
/* End PBXFileReference section */

/* Begin PBXFrameworksBuildPhase section */
		5E63F222243AD2B4008B7D02 /* Frameworks */ = {
			isa = PBXFrameworksBuildPhase;
			buildActionMask = 2147483647;
			files = (
			);
			runOnlyForDeploymentPostprocessing = 0;
		};
		5E7507C42435FB6B0067444D /* Frameworks */ = {
			isa = PBXFrameworksBuildPhase;
			buildActionMask = 2147483647;
			files = (
			);
			runOnlyForDeploymentPostprocessing = 0;
		};
/* End PBXFrameworksBuildPhase section */

/* Begin PBXGroup section */
		5E63F216243ABB87008B7D02 /* View */ = {
			isa = PBXGroup;
			children = (
				5E63F217243ABB9C008B7D02 /* Timer */,
			);
			path = View;
			sourceTree = "<group>";
		};
		5E63F217243ABB9C008B7D02 /* Timer */ = {
			isa = PBXGroup;
			children = (
				5E63F218243ABBAB008B7D02 /* TimerView.swift */,
			);
			path = Timer;
			sourceTree = "<group>";
		};
		5E63F21A243AC1D2008B7D02 /* Constant */ = {
			isa = PBXGroup;
			children = (
				5E63F21B243AC1E8008B7D02 /* ThemeColor.swift */,
			);
			path = Constant;
			sourceTree = "<group>";
		};
		5E63F226243AD2B4008B7D02 /* PomodoroTests */ = {
			isa = PBXGroup;
			children = (
				5E63F227243AD2B4008B7D02 /* PomodoroTests.swift */,
				5E63F246243B0587008B7D02 /* PomodoroTimerTests.swift */,
				5E63F229243AD2B4008B7D02 /* Info.plist */,
			);
			path = PomodoroTests;
			sourceTree = "<group>";
		};
		5E63F23B243ADE65008B7D02 /* Extension */ = {
			isa = PBXGroup;
			children = (
				5E63F23C243ADE74008B7D02 /* TimeIntervalExtension.swift */,
			);
			path = Extension;
			sourceTree = "<group>";
		};
		5E63F23F243AEC07008B7D02 /* Helper */ = {
			isa = PBXGroup;
			children = (
				5E63F240243AEC16008B7D02 /* TimeStringMaker.swift */,
			);
			path = Helper;
			sourceTree = "<group>";
		};
		5E63F242243AF501008B7D02 /* Service */ = {
			isa = PBXGroup;
			children = (
				5E63F244243AF526008B7D02 /* PomodoroTimer.swift */,
			);
			path = Service;
			sourceTree = "<group>";
		};
		5E63F243243AF507008B7D02 /* Model */ = {
			isa = PBXGroup;
			children = (
			);
			path = Model;
			sourceTree = "<group>";
		};
		5E63F248243B17F7008B7D02 /* ViewModel */ = {
			isa = PBXGroup;
			children = (
				5E63F249243B1802008B7D02 /* Timer */,
			);
			path = ViewModel;
			sourceTree = "<group>";
		};
		5E63F249243B1802008B7D02 /* Timer */ = {
			isa = PBXGroup;
			children = (
				5E63F24A243B1811008B7D02 /* TimerViewModel.swift */,
			);
			path = Timer;
			sourceTree = "<group>";
		};
		5E7507BE2435FB6B0067444D = {
			isa = PBXGroup;
			children = (
				5E7507C92435FB6B0067444D /* Pomodoro */,
				5E63F226243AD2B4008B7D02 /* PomodoroTests */,
				5E7507C82435FB6B0067444D /* Products */,
			);
			sourceTree = "<group>";
		};
		5E7507C82435FB6B0067444D /* Products */ = {
			isa = PBXGroup;
			children = (
				5E7507C72435FB6B0067444D /* Pomodoro.app */,
				5E63F225243AD2B4008B7D02 /* PomodoroTests.xctest */,
			);
			name = Products;
			sourceTree = "<group>";
		};
		5E7507C92435FB6B0067444D /* Pomodoro */ = {
			isa = PBXGroup;
			children = (
				5E63F242243AF501008B7D02 /* Service */,
				5E63F23F243AEC07008B7D02 /* Helper */,
				5E63F23B243ADE65008B7D02 /* Extension */,
				5E63F21A243AC1D2008B7D02 /* Constant */,
				5E7507F22435FEC40067444D /* Coordinator */,
				5E63F243243AF507008B7D02 /* Model */,
				5E63F216243ABB87008B7D02 /* View */,
				5E63F248243B17F7008B7D02 /* ViewModel */,
				5E7507EE2435FE760067444D /* Controller */,
				5E7507EC2435FD7A0067444D /* Application */,
				5E7507ED2435FDA40067444D /* Supporting Files */,
			);
			path = Pomodoro;
			sourceTree = "<group>";
		};
		5E7507EC2435FD7A0067444D /* Application */ = {
			isa = PBXGroup;
			children = (
				5E7507CA2435FB6B0067444D /* AppDelegate.swift */,
				5E7507CC2435FB6B0067444D /* SceneDelegate.swift */,
			);
			path = Application;
			sourceTree = "<group>";
		};
		5E7507ED2435FDA40067444D /* Supporting Files */ = {
			isa = PBXGroup;
			children = (
				5E7507D32435FB6D0067444D /* Assets.xcassets */,
				5E7507D52435FB6D0067444D /* LaunchScreen.storyboard */,
				5E7507D82435FB6D0067444D /* Info.plist */,
			);
			path = "Supporting Files";
			sourceTree = "<group>";
		};
		5E7507EE2435FE760067444D /* Controller */ = {
			isa = PBXGroup;
			children = (
				5E7507F12435FEAE0067444D /* Main */,
				5E7508042436088A0067444D /* Timer */,
				5E7507FC243603320067444D /* History */,
			);
			path = Controller;
			sourceTree = "<group>";
		};
		5E7507F12435FEAE0067444D /* Main */ = {
			isa = PBXGroup;
			children = (
				5E7507EF2435FEAA0067444D /* MainTabBarController.swift */,
			);
			path = Main;
			sourceTree = "<group>";
		};
		5E7507F22435FEC40067444D /* Coordinator */ = {
			isa = PBXGroup;
			children = (
				5E7507F42435FEFF0067444D /* Coordinator.swift */,
				5E750809243608AE0067444D /* Timer */,
				5E750801243603930067444D /* History */,
			);
			path = Coordinator;
			sourceTree = "<group>";
		};
		5E7507FC243603320067444D /* History */ = {
			isa = PBXGroup;
			children = (
				5E75080E24360B870067444D /* HistoryNavigationController.swift */,
				5E7507FD243603510067444D /* HistoryViewController.swift */,
				5E7507FE243603510067444D /* HistoryViewController.xib */,
			);
			path = History;
			sourceTree = "<group>";
		};
		5E750801243603930067444D /* History */ = {
			isa = PBXGroup;
			children = (
				5E750802243603A30067444D /* HistoryCoordinator.swift */,
			);
			path = History;
			sourceTree = "<group>";
		};
		5E7508042436088A0067444D /* Timer */ = {
			isa = PBXGroup;
			children = (
				5E63F20E243AB942008B7D02 /* TimerNavigationController.swift */,
				5E63F210243AB95E008B7D02 /* TimerViewController.swift */,
				5E63F211243AB95E008B7D02 /* TimerViewController.xib */,
			);
			path = Timer;
			sourceTree = "<group>";
		};
		5E750809243608AE0067444D /* Timer */ = {
			isa = PBXGroup;
			children = (
				5E63F214243AB9B1008B7D02 /* TimerCoordinator.swift */,
			);
			path = Timer;
			sourceTree = "<group>";
		};
/* End PBXGroup section */

/* Begin PBXNativeTarget section */
		5E63F224243AD2B4008B7D02 /* PomodoroTests */ = {
			isa = PBXNativeTarget;
			buildConfigurationList = 5E63F22C243AD2B4008B7D02 /* Build configuration list for PBXNativeTarget "PomodoroTests" */;
			buildPhases = (
				5E63F221243AD2B4008B7D02 /* Sources */,
				5E63F222243AD2B4008B7D02 /* Frameworks */,
				5E63F223243AD2B4008B7D02 /* Resources */,
			);
			buildRules = (
			);
			dependencies = (
				5E63F22B243AD2B4008B7D02 /* PBXTargetDependency */,
			);
			name = PomodoroTests;
			productName = PomodoroTests;
			productReference = 5E63F225243AD2B4008B7D02 /* PomodoroTests.xctest */;
			productType = "com.apple.product-type.bundle.unit-test";
		};
		5E7507C62435FB6B0067444D /* Pomodoro */ = {
			isa = PBXNativeTarget;
			buildConfigurationList = 5E7507E62435FB6D0067444D /* Build configuration list for PBXNativeTarget "Pomodoro" */;
			buildPhases = (
				5E7507C32435FB6B0067444D /* Sources */,
				5E7507C42435FB6B0067444D /* Frameworks */,
				5E7507C52435FB6B0067444D /* Resources */,
			);
			buildRules = (
			);
			dependencies = (
			);
			name = Pomodoro;
			productName = Pomodoro;
			productReference = 5E7507C72435FB6B0067444D /* Pomodoro.app */;
			productType = "com.apple.product-type.application";
		};
/* End PBXNativeTarget section */

/* Begin PBXProject section */
		5E7507BF2435FB6B0067444D /* Project object */ = {
			isa = PBXProject;
			attributes = {
				LastSwiftUpdateCheck = 1140;
				LastUpgradeCheck = 1100;
				ORGANIZATIONNAME = jeremyxue;
				TargetAttributes = {
					5E63F224243AD2B4008B7D02 = {
						CreatedOnToolsVersion = 11.4;
						TestTargetID = 5E7507C62435FB6B0067444D;
					};
					5E7507C62435FB6B0067444D = {
						CreatedOnToolsVersion = 11.0;
					};
				};
			};
			buildConfigurationList = 5E7507C22435FB6B0067444D /* Build configuration list for PBXProject "Pomodoro" */;
			compatibilityVersion = "Xcode 9.3";
			developmentRegion = en;
			hasScannedForEncodings = 0;
			knownRegions = (
				en,
				Base,
			);
			mainGroup = 5E7507BE2435FB6B0067444D;
			productRefGroup = 5E7507C82435FB6B0067444D /* Products */;
			projectDirPath = "";
			projectRoot = "";
			targets = (
				5E7507C62435FB6B0067444D /* Pomodoro */,
				5E63F224243AD2B4008B7D02 /* PomodoroTests */,
			);
		};
/* End PBXProject section */

/* Begin PBXResourcesBuildPhase section */
		5E63F223243AD2B4008B7D02 /* Resources */ = {
			isa = PBXResourcesBuildPhase;
			buildActionMask = 2147483647;
			files = (
			);
			runOnlyForDeploymentPostprocessing = 0;
		};
		5E7507C52435FB6B0067444D /* Resources */ = {
			isa = PBXResourcesBuildPhase;
			buildActionMask = 2147483647;
			files = (
				5E7507D72435FB6D0067444D /* LaunchScreen.storyboard in Resources */,
				5E7507D42435FB6D0067444D /* Assets.xcassets in Resources */,
				5E63F213243AB95E008B7D02 /* TimerViewController.xib in Resources */,
				5E750800243603510067444D /* HistoryViewController.xib in Resources */,
			);
			runOnlyForDeploymentPostprocessing = 0;
		};
/* End PBXResourcesBuildPhase section */

/* Begin PBXSourcesBuildPhase section */
		5E63F221243AD2B4008B7D02 /* Sources */ = {
			isa = PBXSourcesBuildPhase;
			buildActionMask = 2147483647;
			files = (
				5E63F247243B0587008B7D02 /* PomodoroTimerTests.swift in Sources */,
				5E63F228243AD2B4008B7D02 /* PomodoroTests.swift in Sources */,
			);
			runOnlyForDeploymentPostprocessing = 0;
		};
		5E7507C32435FB6B0067444D /* Sources */ = {
			isa = PBXSourcesBuildPhase;
			buildActionMask = 2147483647;
			files = (
				5E63F20F243AB942008B7D02 /* TimerNavigationController.swift in Sources */,
				5E7507F52435FEFF0067444D /* Coordinator.swift in Sources */,
				5E63F241243AEC16008B7D02 /* TimeStringMaker.swift in Sources */,
				5E63F245243AF526008B7D02 /* PomodoroTimer.swift in Sources */,
				5E63F212243AB95E008B7D02 /* TimerViewController.swift in Sources */,
				5E750803243603A30067444D /* HistoryCoordinator.swift in Sources */,
				5E63F215243AB9B1008B7D02 /* TimerCoordinator.swift in Sources */,
				5E63F21C243AC1E8008B7D02 /* ThemeColor.swift in Sources */,
				5E75080F24360B870067444D /* HistoryNavigationController.swift in Sources */,
				5E63F219243ABBAB008B7D02 /* TimerView.swift in Sources */,
				5E7507CB2435FB6B0067444D /* AppDelegate.swift in Sources */,
				5E7507CD2435FB6B0067444D /* SceneDelegate.swift in Sources */,
				5E63F24B243B1811008B7D02 /* TimerViewModel.swift in Sources */,
				5E63F23D243ADE74008B7D02 /* TimeIntervalExtension.swift in Sources */,
				5E7507FF243603510067444D /* HistoryViewController.swift in Sources */,
				5E7507F02435FEAA0067444D /* MainTabBarController.swift in Sources */,
			);
			runOnlyForDeploymentPostprocessing = 0;
		};
/* End PBXSourcesBuildPhase section */

/* Begin PBXTargetDependency section */
		5E63F22B243AD2B4008B7D02 /* PBXTargetDependency */ = {
			isa = PBXTargetDependency;
			target = 5E7507C62435FB6B0067444D /* Pomodoro */;
			targetProxy = 5E63F22A243AD2B4008B7D02 /* PBXContainerItemProxy */;
		};
/* End PBXTargetDependency section */

/* Begin PBXVariantGroup section */
		5E7507D52435FB6D0067444D /* LaunchScreen.storyboard */ = {
			isa = PBXVariantGroup;
			children = (
				5E7507D62435FB6D0067444D /* Base */,
			);
			name = LaunchScreen.storyboard;
			sourceTree = "<group>";
		};
/* End PBXVariantGroup section */

/* Begin XCBuildConfiguration section */
		5E63F22D243AD2B4008B7D02 /* Debug */ = {
			isa = XCBuildConfiguration;
			buildSettings = {
				BUNDLE_LOADER = "$(TEST_HOST)";
				CODE_SIGN_STYLE = Automatic;
				DEVELOPMENT_TEAM = 4PAC9XA99N;
				INFOPLIST_FILE = PomodoroTests/Info.plist;
				IPHONEOS_DEPLOYMENT_TARGET = 13.4;
				LD_RUNPATH_SEARCH_PATHS = (
					"$(inherited)",
					"@executable_path/Frameworks",
					"@loader_path/Frameworks",
				);
				PRODUCT_BUNDLE_IDENTIFIER = com.jeremyxue.PomodoroTests;
				PRODUCT_NAME = "$(TARGET_NAME)";
				SWIFT_VERSION = 5.0;
				TARGETED_DEVICE_FAMILY = "1,2";
				TEST_HOST = "$(BUILT_PRODUCTS_DIR)/Pomodoro.app/Pomodoro";
			};
			name = Debug;
		};
		5E63F22E243AD2B4008B7D02 /* Release */ = {
			isa = XCBuildConfiguration;
			buildSettings = {
				BUNDLE_LOADER = "$(TEST_HOST)";
				CODE_SIGN_STYLE = Automatic;
				DEVELOPMENT_TEAM = 4PAC9XA99N;
				INFOPLIST_FILE = PomodoroTests/Info.plist;
				IPHONEOS_DEPLOYMENT_TARGET = 13.4;
				LD_RUNPATH_SEARCH_PATHS = (
					"$(inherited)",
					"@executable_path/Frameworks",
					"@loader_path/Frameworks",
				);
				PRODUCT_BUNDLE_IDENTIFIER = com.jeremyxue.PomodoroTests;
				PRODUCT_NAME = "$(TARGET_NAME)";
				SWIFT_VERSION = 5.0;
				TARGETED_DEVICE_FAMILY = "1,2";
				TEST_HOST = "$(BUILT_PRODUCTS_DIR)/Pomodoro.app/Pomodoro";
			};
			name = Release;
		};
		5E7507E42435FB6D0067444D /* Debug */ = {
			isa = XCBuildConfiguration;
			buildSettings = {
				ALWAYS_SEARCH_USER_PATHS = NO;
				CLANG_ANALYZER_NONNULL = YES;
				CLANG_ANALYZER_NUMBER_OBJECT_CONVERSION = YES_AGGRESSIVE;
				CLANG_CXX_LANGUAGE_STANDARD = "gnu++14";
				CLANG_CXX_LIBRARY = "libc++";
				CLANG_ENABLE_MODULES = YES;
				CLANG_ENABLE_OBJC_ARC = YES;
				CLANG_ENABLE_OBJC_WEAK = YES;
				CLANG_WARN_BLOCK_CAPTURE_AUTORELEASING = YES;
				CLANG_WARN_BOOL_CONVERSION = YES;
				CLANG_WARN_COMMA = YES;
				CLANG_WARN_CONSTANT_CONVERSION = YES;
				CLANG_WARN_DEPRECATED_OBJC_IMPLEMENTATIONS = YES;
				CLANG_WARN_DIRECT_OBJC_ISA_USAGE = YES_ERROR;
				CLANG_WARN_DOCUMENTATION_COMMENTS = YES;
				CLANG_WARN_EMPTY_BODY = YES;
				CLANG_WARN_ENUM_CONVERSION = YES;
				CLANG_WARN_INFINITE_RECURSION = YES;
				CLANG_WARN_INT_CONVERSION = YES;
				CLANG_WARN_NON_LITERAL_NULL_CONVERSION = YES;
				CLANG_WARN_OBJC_IMPLICIT_RETAIN_SELF = YES;
				CLANG_WARN_OBJC_LITERAL_CONVERSION = YES;
				CLANG_WARN_OBJC_ROOT_CLASS = YES_ERROR;
				CLANG_WARN_RANGE_LOOP_ANALYSIS = YES;
				CLANG_WARN_STRICT_PROTOTYPES = YES;
				CLANG_WARN_SUSPICIOUS_MOVE = YES;
				CLANG_WARN_UNGUARDED_AVAILABILITY = YES_AGGRESSIVE;
				CLANG_WARN_UNREACHABLE_CODE = YES;
				CLANG_WARN__DUPLICATE_METHOD_MATCH = YES;
				COPY_PHASE_STRIP = NO;
				DEBUG_INFORMATION_FORMAT = dwarf;
				ENABLE_STRICT_OBJC_MSGSEND = YES;
				ENABLE_TESTABILITY = YES;
				GCC_C_LANGUAGE_STANDARD = gnu11;
				GCC_DYNAMIC_NO_PIC = NO;
				GCC_NO_COMMON_BLOCKS = YES;
				GCC_OPTIMIZATION_LEVEL = 0;
				GCC_PREPROCESSOR_DEFINITIONS = (
					"DEBUG=1",
					"$(inherited)",
				);
				GCC_WARN_64_TO_32_BIT_CONVERSION = YES;
				GCC_WARN_ABOUT_RETURN_TYPE = YES_ERROR;
				GCC_WARN_UNDECLARED_SELECTOR = YES;
				GCC_WARN_UNINITIALIZED_AUTOS = YES_AGGRESSIVE;
				GCC_WARN_UNUSED_FUNCTION = YES;
				GCC_WARN_UNUSED_VARIABLE = YES;
				IPHONEOS_DEPLOYMENT_TARGET = 13.0;
				MTL_ENABLE_DEBUG_INFO = INCLUDE_SOURCE;
				MTL_FAST_MATH = YES;
				ONLY_ACTIVE_ARCH = YES;
				SDKROOT = iphoneos;
				SWIFT_ACTIVE_COMPILATION_CONDITIONS = DEBUG;
				SWIFT_OPTIMIZATION_LEVEL = "-Onone";
			};
			name = Debug;
		};
		5E7507E52435FB6D0067444D /* Release */ = {
			isa = XCBuildConfiguration;
			buildSettings = {
				ALWAYS_SEARCH_USER_PATHS = NO;
				CLANG_ANALYZER_NONNULL = YES;
				CLANG_ANALYZER_NUMBER_OBJECT_CONVERSION = YES_AGGRESSIVE;
				CLANG_CXX_LANGUAGE_STANDARD = "gnu++14";
				CLANG_CXX_LIBRARY = "libc++";
				CLANG_ENABLE_MODULES = YES;
				CLANG_ENABLE_OBJC_ARC = YES;
				CLANG_ENABLE_OBJC_WEAK = YES;
				CLANG_WARN_BLOCK_CAPTURE_AUTORELEASING = YES;
				CLANG_WARN_BOOL_CONVERSION = YES;
				CLANG_WARN_COMMA = YES;
				CLANG_WARN_CONSTANT_CONVERSION = YES;
				CLANG_WARN_DEPRECATED_OBJC_IMPLEMENTATIONS = YES;
				CLANG_WARN_DIRECT_OBJC_ISA_USAGE = YES_ERROR;
				CLANG_WARN_DOCUMENTATION_COMMENTS = YES;
				CLANG_WARN_EMPTY_BODY = YES;
				CLANG_WARN_ENUM_CONVERSION = YES;
				CLANG_WARN_INFINITE_RECURSION = YES;
				CLANG_WARN_INT_CONVERSION = YES;
				CLANG_WARN_NON_LITERAL_NULL_CONVERSION = YES;
				CLANG_WARN_OBJC_IMPLICIT_RETAIN_SELF = YES;
				CLANG_WARN_OBJC_LITERAL_CONVERSION = YES;
				CLANG_WARN_OBJC_ROOT_CLASS = YES_ERROR;
				CLANG_WARN_RANGE_LOOP_ANALYSIS = YES;
				CLANG_WARN_STRICT_PROTOTYPES = YES;
				CLANG_WARN_SUSPICIOUS_MOVE = YES;
				CLANG_WARN_UNGUARDED_AVAILABILITY = YES_AGGRESSIVE;
				CLANG_WARN_UNREACHABLE_CODE = YES;
				CLANG_WARN__DUPLICATE_METHOD_MATCH = YES;
				COPY_PHASE_STRIP = NO;
				DEBUG_INFORMATION_FORMAT = "dwarf-with-dsym";
				ENABLE_NS_ASSERTIONS = NO;
				ENABLE_STRICT_OBJC_MSGSEND = YES;
				GCC_C_LANGUAGE_STANDARD = gnu11;
				GCC_NO_COMMON_BLOCKS = YES;
				GCC_WARN_64_TO_32_BIT_CONVERSION = YES;
				GCC_WARN_ABOUT_RETURN_TYPE = YES_ERROR;
				GCC_WARN_UNDECLARED_SELECTOR = YES;
				GCC_WARN_UNINITIALIZED_AUTOS = YES_AGGRESSIVE;
				GCC_WARN_UNUSED_FUNCTION = YES;
				GCC_WARN_UNUSED_VARIABLE = YES;
				IPHONEOS_DEPLOYMENT_TARGET = 13.0;
				MTL_ENABLE_DEBUG_INFO = NO;
				MTL_FAST_MATH = YES;
				SDKROOT = iphoneos;
				SWIFT_COMPILATION_MODE = wholemodule;
				SWIFT_OPTIMIZATION_LEVEL = "-O";
				VALIDATE_PRODUCT = YES;
			};
			name = Release;
		};
		5E7507E72435FB6D0067444D /* Debug */ = {
			isa = XCBuildConfiguration;
			buildSettings = {
				ASSETCATALOG_COMPILER_APPICON_NAME = AppIcon;
				CODE_SIGN_STYLE = Automatic;
				DEVELOPMENT_TEAM = 4PAC9XA99N;
				INFOPLIST_FILE = "Pomodoro/Supporting Files/Info.plist";
				LD_RUNPATH_SEARCH_PATHS = (
					"$(inherited)",
					"@executable_path/Frameworks",
				);
				PRODUCT_BUNDLE_IDENTIFIER = com.jeremyxue.Pomodoro;
				PRODUCT_NAME = "$(TARGET_NAME)";
				SWIFT_VERSION = 5.0;
				TARGETED_DEVICE_FAMILY = "1,2";
			};
			name = Debug;
		};
		5E7507E82435FB6D0067444D /* Release */ = {
			isa = XCBuildConfiguration;
			buildSettings = {
				ASSETCATALOG_COMPILER_APPICON_NAME = AppIcon;
				CODE_SIGN_STYLE = Automatic;
				DEVELOPMENT_TEAM = 4PAC9XA99N;
				INFOPLIST_FILE = "Pomodoro/Supporting Files/Info.plist";
				LD_RUNPATH_SEARCH_PATHS = (
					"$(inherited)",
					"@executable_path/Frameworks",
				);
				PRODUCT_BUNDLE_IDENTIFIER = com.jeremyxue.Pomodoro;
				PRODUCT_NAME = "$(TARGET_NAME)";
				SWIFT_VERSION = 5.0;
				TARGETED_DEVICE_FAMILY = "1,2";
			};
			name = Release;
		};
/* End XCBuildConfiguration section */

/* Begin XCConfigurationList section */
		5E63F22C243AD2B4008B7D02 /* Build configuration list for PBXNativeTarget "PomodoroTests" */ = {
			isa = XCConfigurationList;
			buildConfigurations = (
				5E63F22D243AD2B4008B7D02 /* Debug */,
				5E63F22E243AD2B4008B7D02 /* Release */,
			);
			defaultConfigurationIsVisible = 0;
			defaultConfigurationName = Release;
		};
		5E7507C22435FB6B0067444D /* Build configuration list for PBXProject "Pomodoro" */ = {
			isa = XCConfigurationList;
			buildConfigurations = (
				5E7507E42435FB6D0067444D /* Debug */,
				5E7507E52435FB6D0067444D /* Release */,
			);
			defaultConfigurationIsVisible = 0;
			defaultConfigurationName = Release;
		};
		5E7507E62435FB6D0067444D /* Build configuration list for PBXNativeTarget "Pomodoro" */ = {
			isa = XCConfigurationList;
			buildConfigurations = (
				5E7507E72435FB6D0067444D /* Debug */,
				5E7507E82435FB6D0067444D /* Release */,
			);
			defaultConfigurationIsVisible = 0;
			defaultConfigurationName = Release;
		};
/* End XCConfigurationList section */
	};
	rootObject = 5E7507BF2435FB6B0067444D /* Project object */;
}
